// !$*UTF8*$!
{
	archiveVersion = 1;
	classes = {
	};
	objectVersion = 50;
	objects = {

/* Begin PBXBuildFile section */
		3E8D4C3C24FA759200AD6AB0 /* AppDelegate.swift in Sources */ = {isa = PBXBuildFile; fileRef = 3E8D4C3B24FA759200AD6AB0 /* AppDelegate.swift */; };
		3E8D4C3E24FA759200AD6AB0 /* SceneDelegate.swift in Sources */ = {isa = PBXBuildFile; fileRef = 3E8D4C3D24FA759200AD6AB0 /* SceneDelegate.swift */; };
		3E8D4C4024FA759200AD6AB0 /* ViewController.swift in Sources */ = {isa = PBXBuildFile; fileRef = 3E8D4C3F24FA759200AD6AB0 /* ViewController.swift */; };
		3E8D4C4324FA759200AD6AB0 /* Main.storyboard in Resources */ = {isa = PBXBuildFile; fileRef = 3E8D4C4124FA759200AD6AB0 /* Main.storyboard */; };
		3E8D4C4624FA759200AD6AB0 /* TheNews.xcdatamodeld in Sources */ = {isa = PBXBuildFile; fileRef = 3E8D4C4424FA759200AD6AB0 /* TheNews.xcdatamodeld */; };
		3E8D4C4824FA759700AD6AB0 /* Assets.xcassets in Resources */ = {isa = PBXBuildFile; fileRef = 3E8D4C4724FA759700AD6AB0 /* Assets.xcassets */; };
		3E8D4C4B24FA759700AD6AB0 /* LaunchScreen.storyboard in Resources */ = {isa = PBXBuildFile; fileRef = 3E8D4C4924FA759700AD6AB0 /* LaunchScreen.storyboard */; };
		3E8D4C5524FA75BE00AD6AB0 /* WebManager.swift in Sources */ = {isa = PBXBuildFile; fileRef = 3E8D4C5424FA75BE00AD6AB0 /* WebManager.swift */; };
		3E8D4C5724FA77E200AD6AB0 /* WebDataCodable.swift in Sources */ = {isa = PBXBuildFile; fileRef = 3E8D4C5624FA77E200AD6AB0 /* WebDataCodable.swift */; };
		3E8D4C5924FA7E8300AD6AB0 /* WebDataModel.swift in Sources */ = {isa = PBXBuildFile; fileRef = 3E8D4C5824FA7E8300AD6AB0 /* WebDataModel.swift */; };
		DD02B2C524FB613D00B7B0AD /* CustomView.swift in Sources */ = {isa = PBXBuildFile; fileRef = DD02B2C424FB613D00B7B0AD /* CustomView.swift */; };
		DD6628B624FAC6FB00F4A483 /* ArticleCell.swift in Sources */ = {isa = PBXBuildFile; fileRef = DD6628B524FAC6FB00F4A483 /* ArticleCell.swift */; };
		DD6628BA24FB0E6900F4A483 /* DetailsVC.swift in Sources */ = {isa = PBXBuildFile; fileRef = DD6628B924FB0E6900F4A483 /* DetailsVC.swift */; };
		DD6628BC24FB405300F4A483 /* DetailsViewCell.swift in Sources */ = {isa = PBXBuildFile; fileRef = DD6628BB24FB405300F4A483 /* DetailsViewCell.swift */; };
/* End PBXBuildFile section */

/* Begin PBXFileReference section */
		3E8D4C3824FA759200AD6AB0 /* TheNews.app */ = {isa = PBXFileReference; explicitFileType = wrapper.application; includeInIndex = 0; path = TheNews.app; sourceTree = BUILT_PRODUCTS_DIR; };
		3E8D4C3B24FA759200AD6AB0 /* AppDelegate.swift */ = {isa = PBXFileReference; lastKnownFileType = sourcecode.swift; path = AppDelegate.swift; sourceTree = "<group>"; };
		3E8D4C3D24FA759200AD6AB0 /* SceneDelegate.swift */ = {isa = PBXFileReference; lastKnownFileType = sourcecode.swift; path = SceneDelegate.swift; sourceTree = "<group>"; };
		3E8D4C3F24FA759200AD6AB0 /* ViewController.swift */ = {isa = PBXFileReference; lastKnownFileType = sourcecode.swift; path = ViewController.swift; sourceTree = "<group>"; };
		3E8D4C4224FA759200AD6AB0 /* Base */ = {isa = PBXFileReference; lastKnownFileType = file.storyboard; name = Base; path = Base.lproj/Main.storyboard; sourceTree = "<group>"; };
		3E8D4C4524FA759200AD6AB0 /* TheNews.xcdatamodel */ = {isa = PBXFileReference; lastKnownFileType = wrapper.xcdatamodel; path = TheNews.xcdatamodel; sourceTree = "<group>"; };
		3E8D4C4724FA759700AD6AB0 /* Assets.xcassets */ = {isa = PBXFileReference; lastKnownFileType = folder.assetcatalog; path = Assets.xcassets; sourceTree = "<group>"; };
		3E8D4C4A24FA759700AD6AB0 /* Base */ = {isa = PBXFileReference; lastKnownFileType = file.storyboard; name = Base; path = Base.lproj/LaunchScreen.storyboard; sourceTree = "<group>"; };
		3E8D4C4C24FA759700AD6AB0 /* Info.plist */ = {isa = PBXFileReference; lastKnownFileType = text.plist.xml; path = Info.plist; sourceTree = "<group>"; };
		3E8D4C5424FA75BE00AD6AB0 /* WebManager.swift */ = {isa = PBXFileReference; lastKnownFileType = sourcecode.swift; path = WebManager.swift; sourceTree = "<group>"; };
		3E8D4C5624FA77E200AD6AB0 /* WebDataCodable.swift */ = {isa = PBXFileReference; lastKnownFileType = sourcecode.swift; path = WebDataCodable.swift; sourceTree = "<group>"; };
		3E8D4C5824FA7E8300AD6AB0 /* WebDataModel.swift */ = {isa = PBXFileReference; lastKnownFileType = sourcecode.swift; path = WebDataModel.swift; sourceTree = "<group>"; };
		DD02B2C424FB613D00B7B0AD /* CustomView.swift */ = {isa = PBXFileReference; lastKnownFileType = sourcecode.swift; path = CustomView.swift; sourceTree = "<group>"; };
		DD6628B524FAC6FB00F4A483 /* ArticleCell.swift */ = {isa = PBXFileReference; lastKnownFileType = sourcecode.swift; path = ArticleCell.swift; sourceTree = "<group>"; };
		DD6628B924FB0E6900F4A483 /* DetailsVC.swift */ = {isa = PBXFileReference; lastKnownFileType = sourcecode.swift; path = DetailsVC.swift; sourceTree = "<group>"; };
		DD6628BB24FB405300F4A483 /* DetailsViewCell.swift */ = {isa = PBXFileReference; lastKnownFileType = sourcecode.swift; path = DetailsViewCell.swift; sourceTree = "<group>"; };
/* End PBXFileReference section */

/* Begin PBXFrameworksBuildPhase section */
		3E8D4C3524FA759200AD6AB0 /* Frameworks */ = {
			isa = PBXFrameworksBuildPhase;
			buildActionMask = 2147483647;
			files = (
			);
			runOnlyForDeploymentPostprocessing = 0;
		};
/* End PBXFrameworksBuildPhase section */

/* Begin PBXGroup section */
		3E8D4C2F24FA759200AD6AB0 = {
			isa = PBXGroup;
			children = (
				3E8D4C3A24FA759200AD6AB0 /* TheNews */,
				3E8D4C3924FA759200AD6AB0 /* Products */,
			);
			sourceTree = "<group>";
		};
		3E8D4C3924FA759200AD6AB0 /* Products */ = {
			isa = PBXGroup;
			children = (
				3E8D4C3824FA759200AD6AB0 /* TheNews.app */,
			);
			name = Products;
			sourceTree = "<group>";
		};
		3E8D4C3A24FA759200AD6AB0 /* TheNews */ = {
			isa = PBXGroup;
			children = (
				3E8D4C5324FA75A300AD6AB0 /* Model */,
				3E8D4C3B24FA759200AD6AB0 /* AppDelegate.swift */,
				3E8D4C3D24FA759200AD6AB0 /* SceneDelegate.swift */,
				3E8D4C4124FA759200AD6AB0 /* Main.storyboard */,
				3E8D4C4724FA759700AD6AB0 /* Assets.xcassets */,
				3E8D4C4924FA759700AD6AB0 /* LaunchScreen.storyboard */,
				3E8D4C4C24FA759700AD6AB0 /* Info.plist */,
			);
			path = TheNews;
			sourceTree = "<group>";
		};
		3E8D4C5324FA75A300AD6AB0 /* Model */ = {
			isa = PBXGroup;
			children = (
				DD02B2C324FB612100B7B0AD /* View */,
				3E8D4C4424FA759200AD6AB0 /* TheNews.xcdatamodeld */,
				DD02B2C224FB5FED00B7B0AD /* Networking */,
				DD02B2C124FB5FCE00B7B0AD /* ViewController */,
				DD6628B424FAC6E100F4A483 /* CustomCells */,
				3E8D4C5624FA77E200AD6AB0 /* WebDataCodable.swift */,
				3E8D4C5824FA7E8300AD6AB0 /* WebDataModel.swift */,
			);
			path = Model;
			sourceTree = "<group>";
		};
		DD02B2C124FB5FCE00B7B0AD /* ViewController */ = {
			isa = PBXGroup;
			children = (
				3E8D4C3F24FA759200AD6AB0 /* ViewController.swift */,
				DD6628B924FB0E6900F4A483 /* DetailsVC.swift */,
			);
			path = ViewController;
			sourceTree = "<group>";
		};
		DD02B2C224FB5FED00B7B0AD /* Networking */ = {
			isa = PBXGroup;
			children = (
				3E8D4C5424FA75BE00AD6AB0 /* WebManager.swift */,
			);
			path = Networking;
			sourceTree = "<group>";
		};
		DD02B2C324FB612100B7B0AD /* View */ = {
			isa = PBXGroup;
			children = (
				DD02B2C424FB613D00B7B0AD /* CustomView.swift */,
			);
			path = View;
			sourceTree = "<group>";
		};
		DD6628B424FAC6E100F4A483 /* CustomCells */ = {
			isa = PBXGroup;
			children = (
				DD6628B524FAC6FB00F4A483 /* ArticleCell.swift */,
				DD6628BB24FB405300F4A483 /* DetailsViewCell.swift */,
			);
			path = CustomCells;
			sourceTree = "<group>";
		};
/* End PBXGroup section */

/* Begin PBXNativeTarget section */
		3E8D4C3724FA759200AD6AB0 /* TheNews */ = {
			isa = PBXNativeTarget;
			buildConfigurationList = 3E8D4C4F24FA759700AD6AB0 /* Build configuration list for PBXNativeTarget "TheNews" */;
			buildPhases = (
				3E8D4C3424FA759200AD6AB0 /* Sources */,
				3E8D4C3524FA759200AD6AB0 /* Frameworks */,
				3E8D4C3624FA759200AD6AB0 /* Resources */,
			);
			buildRules = (
			);
			dependencies = (
			);
			name = TheNews;
			productName = TheNews;
			productReference = 3E8D4C3824FA759200AD6AB0 /* TheNews.app */;
			productType = "com.apple.product-type.application";
		};
/* End PBXNativeTarget section */

/* Begin PBXProject section */
		3E8D4C3024FA759200AD6AB0 /* Project object */ = {
			isa = PBXProject;
			attributes = {
				LastSwiftUpdateCheck = 1160;
				LastUpgradeCheck = 1160;
				ORGANIZATIONNAME = "MD SAZID HASAN DIP";
				TargetAttributes = {
					3E8D4C3724FA759200AD6AB0 = {
						CreatedOnToolsVersion = 11.6;
					};
				};
			};
			buildConfigurationList = 3E8D4C3324FA759200AD6AB0 /* Build configuration list for PBXProject "TheNews" */;
			compatibilityVersion = "Xcode 9.3";
			developmentRegion = en;
			hasScannedForEncodings = 0;
			knownRegions = (
				en,
				Base,
			);
			mainGroup = 3E8D4C2F24FA759200AD6AB0;
			productRefGroup = 3E8D4C3924FA759200AD6AB0 /* Products */;
			projectDirPath = "";
			projectRoot = "";
			targets = (
				3E8D4C3724FA759200AD6AB0 /* TheNews */,
			);
		};
/* End PBXProject section */

/* Begin PBXResourcesBuildPhase section */
		3E8D4C3624FA759200AD6AB0 /* Resources */ = {
			isa = PBXResourcesBuildPhase;
			buildActionMask = 2147483647;
			files = (
				3E8D4C4B24FA759700AD6AB0 /* LaunchScreen.storyboard in Resources */,
				3E8D4C4824FA759700AD6AB0 /* Assets.xcassets in Resources */,
				3E8D4C4324FA759200AD6AB0 /* Main.storyboard in Resources */,
			);
			runOnlyForDeploymentPostprocessing = 0;
		};
/* End PBXResourcesBuildPhase section */

/* Begin PBXSourcesBuildPhase section */
		3E8D4C3424FA759200AD6AB0 /* Sources */ = {
			isa = PBXSourcesBuildPhase;
			buildActionMask = 2147483647;
			files = (
				DD6628B624FAC6FB00F4A483 /* ArticleCell.swift in Sources */,
				DD6628BC24FB405300F4A483 /* DetailsViewCell.swift in Sources */,
				3E8D4C4024FA759200AD6AB0 /* ViewController.swift in Sources */,
				3E8D4C3C24FA759200AD6AB0 /* AppDelegate.swift in Sources */,
				3E8D4C4624FA759200AD6AB0 /* TheNews.xcdatamodeld in Sources */,
				DD6628BA24FB0E6900F4A483 /* DetailsVC.swift in Sources */,
				DD02B2C524FB613D00B7B0AD /* CustomView.swift in Sources */,
				3E8D4C5724FA77E200AD6AB0 /* WebDataCodable.swift in Sources */,
				3E8D4C5924FA7E8300AD6AB0 /* WebDataModel.swift in Sources */,
				3E8D4C3E24FA759200AD6AB0 /* SceneDelegate.swift in Sources */,
				3E8D4C5524FA75BE00AD6AB0 /* WebManager.swift in Sources */,
			);
			runOnlyForDeploymentPostprocessing = 0;
		};
/* End PBXSourcesBuildPhase section */

/* Begin PBXVariantGroup section */
		3E8D4C4124FA759200AD6AB0 /* Main.storyboard */ = {
			isa = PBXVariantGroup;
			children = (
				3E8D4C4224FA759200AD6AB0 /* Base */,
			);
			name = Main.storyboard;
			sourceTree = "<group>";
		};
		3E8D4C4924FA759700AD6AB0 /* LaunchScreen.storyboard */ = {
			isa = PBXVariantGroup;
			children = (
				3E8D4C4A24FA759700AD6AB0 /* Base */,
			);
			name = LaunchScreen.storyboard;
			sourceTree = "<group>";
		};
/* End PBXVariantGroup section */

/* Begin XCBuildConfiguration section */
		3E8D4C4D24FA759700AD6AB0 /* Debug */ = {
			isa = XCBuildConfiguration;
			buildSettings = {
				ALWAYS_SEARCH_USER_PATHS = NO;
				CLANG_ANALYZER_NONNULL = YES;
				CLANG_ANALYZER_NUMBER_OBJECT_CONVERSION = YES_AGGRESSIVE;
				CLANG_CXX_LANGUAGE_STANDARD = "gnu++14";
				CLANG_CXX_LIBRARY = "libc++";
				CLANG_ENABLE_MODULES = YES;
				CLANG_ENABLE_OBJC_ARC = YES;
				CLANG_ENABLE_OBJC_WEAK = YES;
				CLANG_WARN_BLOCK_CAPTURE_AUTORELEASING = YES;
				CLANG_WARN_BOOL_CONVERSION = YES;
				CLANG_WARN_COMMA = YES;
				CLANG_WARN_CONSTANT_CONVERSION = YES;
				CLANG_WARN_DEPRECATED_OBJC_IMPLEMENTATIONS = YES;
				CLANG_WARN_DIRECT_OBJC_ISA_USAGE = YES_ERROR;
				CLANG_WARN_DOCUMENTATION_COMMENTS = YES;
				CLANG_WARN_EMPTY_BODY = YES;
				CLANG_WARN_ENUM_CONVERSION = YES;
				CLANG_WARN_INFINITE_RECURSION = YES;
				CLANG_WARN_INT_CONVERSION = YES;
				CLANG_WARN_NON_LITERAL_NULL_CONVERSION = YES;
				CLANG_WARN_OBJC_IMPLICIT_RETAIN_SELF = YES;
				CLANG_WARN_OBJC_LITERAL_CONVERSION = YES;
				CLANG_WARN_OBJC_ROOT_CLASS = YES_ERROR;
				CLANG_WARN_RANGE_LOOP_ANALYSIS = YES;
				CLANG_WARN_STRICT_PROTOTYPES = YES;
				CLANG_WARN_SUSPICIOUS_MOVE = YES;
				CLANG_WARN_UNGUARDED_AVAILABILITY = YES_AGGRESSIVE;
				CLANG_WARN_UNREACHABLE_CODE = YES;
				CLANG_WARN__DUPLICATE_METHOD_MATCH = YES;
				COPY_PHASE_STRIP = NO;
				DEBUG_INFORMATION_FORMAT = dwarf;
				ENABLE_STRICT_OBJC_MSGSEND = YES;
				ENABLE_TESTABILITY = YES;
				GCC_C_LANGUAGE_STANDARD = gnu11;
				GCC_DYNAMIC_NO_PIC = NO;
				GCC_NO_COMMON_BLOCKS = YES;
				GCC_OPTIMIZATION_LEVEL = 0;
				GCC_PREPROCESSOR_DEFINITIONS = (
					"DEBUG=1",
					"$(inherited)",
				);
				GCC_WARN_64_TO_32_BIT_CONVERSION = YES;
				GCC_WARN_ABOUT_RETURN_TYPE = YES_ERROR;
				GCC_WARN_UNDECLARED_SELECTOR = YES;
				GCC_WARN_UNINITIALIZED_AUTOS = YES_AGGRESSIVE;
				GCC_WARN_UNUSED_FUNCTION = YES;
				GCC_WARN_UNUSED_VARIABLE = YES;
				IPHONEOS_DEPLOYMENT_TARGET = 13.6;
				MTL_ENABLE_DEBUG_INFO = INCLUDE_SOURCE;
				MTL_FAST_MATH = YES;
				ONLY_ACTIVE_ARCH = YES;
				SDKROOT = iphoneos;
				SWIFT_ACTIVE_COMPILATION_CONDITIONS = DEBUG;
				SWIFT_OPTIMIZATION_LEVEL = "-Onone";
			};
			name = Debug;
		};
		3E8D4C4E24FA759700AD6AB0 /* Release */ = {
			isa = XCBuildConfiguration;
			buildSettings = {
				ALWAYS_SEARCH_USER_PATHS = NO;
				CLANG_ANALYZER_NONNULL = YES;
				CLANG_ANALYZER_NUMBER_OBJECT_CONVERSION = YES_AGGRESSIVE;
				CLANG_CXX_LANGUAGE_STANDARD = "gnu++14";
				CLANG_CXX_LIBRARY = "libc++";
				CLANG_ENABLE_MODULES = YES;
				CLANG_ENABLE_OBJC_ARC = YES;
				CLANG_ENABLE_OBJC_WEAK = YES;
				CLANG_WARN_BLOCK_CAPTURE_AUTORELEASING = YES;
				CLANG_WARN_BOOL_CONVERSION = YES;
				CLANG_WARN_COMMA = YES;
				CLANG_WARN_CONSTANT_CONVERSION = YES;
				CLANG_WARN_DEPRECATED_OBJC_IMPLEMENTATIONS = YES;
				CLANG_WARN_DIRECT_OBJC_ISA_USAGE = YES_ERROR;
				CLANG_WARN_DOCUMENTATION_COMMENTS = YES;
				CLANG_WARN_EMPTY_BODY = YES;
				CLANG_WARN_ENUM_CONVERSION = YES;
				CLANG_WARN_INFINITE_RECURSION = YES;
				CLANG_WARN_INT_CONVERSION = YES;
				CLANG_WARN_NON_LITERAL_NULL_CONVERSION = YES;
				CLANG_WARN_OBJC_IMPLICIT_RETAIN_SELF = YES;
				CLANG_WARN_OBJC_LITERAL_CONVERSION = YES;
				CLANG_WARN_OBJC_ROOT_CLASS = YES_ERROR;
				CLANG_WARN_RANGE_LOOP_ANALYSIS = YES;
				CLANG_WARN_STRICT_PROTOTYPES = YES;
				CLANG_WARN_SUSPICIOUS_MOVE = YES;
				CLANG_WARN_UNGUARDED_AVAILABILITY = YES_AGGRESSIVE;
				CLANG_WARN_UNREACHABLE_CODE = YES;
				CLANG_WARN__DUPLICATE_METHOD_MATCH = YES;
				COPY_PHASE_STRIP = NO;
				DEBUG_INFORMATION_FORMAT = "dwarf-with-dsym";
				ENABLE_NS_ASSERTIONS = NO;
				ENABLE_STRICT_OBJC_MSGSEND = YES;
				GCC_C_LANGUAGE_STANDARD = gnu11;
				GCC_NO_COMMON_BLOCKS = YES;
				GCC_WARN_64_TO_32_BIT_CONVERSION = YES;
				GCC_WARN_ABOUT_RETURN_TYPE = YES_ERROR;
				GCC_WARN_UNDECLARED_SELECTOR = YES;
				GCC_WARN_UNINITIALIZED_AUTOS = YES_AGGRESSIVE;
				GCC_WARN_UNUSED_FUNCTION = YES;
				GCC_WARN_UNUSED_VARIABLE = YES;
				IPHONEOS_DEPLOYMENT_TARGET = 13.6;
				MTL_ENABLE_DEBUG_INFO = NO;
				MTL_FAST_MATH = YES;
				SDKROOT = iphoneos;
				SWIFT_COMPILATION_MODE = wholemodule;
				SWIFT_OPTIMIZATION_LEVEL = "-O";
				VALIDATE_PRODUCT = YES;
			};
			name = Release;
		};
		3E8D4C5024FA759700AD6AB0 /* Debug */ = {
			isa = XCBuildConfiguration;
			buildSettings = {
				ASSETCATALOG_COMPILER_APPICON_NAME = AppIcon;
				CODE_SIGN_STYLE = Automatic;
				DEVELOPMENT_TEAM = 4NU36J8PP2;
				INFOPLIST_FILE = TheNews/Info.plist;
				LD_RUNPATH_SEARCH_PATHS = (
					"$(inherited)",
					"@executable_path/Frameworks",
				);
				PRODUCT_BUNDLE_IDENTIFIER = com.degubberlab.TheNews;
				PRODUCT_NAME = "$(TARGET_NAME)";
				SWIFT_VERSION = 5.0;
				TARGETED_DEVICE_FAMILY = "1,2";
			};
			name = Debug;
		};
		3E8D4C5124FA759700AD6AB0 /* Release */ = {
			isa = XCBuildConfiguration;
			buildSettings = {
				ASSETCATALOG_COMPILER_APPICON_NAME = AppIcon;
				CODE_SIGN_STYLE = Automatic;
				DEVELOPMENT_TEAM = 4NU36J8PP2;
				INFOPLIST_FILE = TheNews/Info.plist;
				LD_RUNPATH_SEARCH_PATHS = (
					"$(inherited)",
					"@executable_path/Frameworks",
				);
				PRODUCT_BUNDLE_IDENTIFIER = com.degubberlab.TheNews;
				PRODUCT_NAME = "$(TARGET_NAME)";
				SWIFT_VERSION = 5.0;
				TARGETED_DEVICE_FAMILY = "1,2";
			};
			name = Release;
		};
/* End XCBuildConfiguration section */

/* Begin XCConfigurationList section */
		3E8D4C3324FA759200AD6AB0 /* Build configuration list for PBXProject "TheNews" */ = {
			isa = XCConfigurationList;
			buildConfigurations = (
				3E8D4C4D24FA759700AD6AB0 /* Debug */,
				3E8D4C4E24FA759700AD6AB0 /* Release */,
			);
			defaultConfigurationIsVisible = 0;
			defaultConfigurationName = Release;
		};
		3E8D4C4F24FA759700AD6AB0 /* Build configuration list for PBXNativeTarget "TheNews" */ = {
			isa = XCConfigurationList;
			buildConfigurations = (
				3E8D4C5024FA759700AD6AB0 /* Debug */,
				3E8D4C5124FA759700AD6AB0 /* Release */,
			);
			defaultConfigurationIsVisible = 0;
			defaultConfigurationName = Release;
		};
/* End XCConfigurationList section */

/* Begin XCVersionGroup section */
		3E8D4C4424FA759200AD6AB0 /* TheNews.xcdatamodeld */ = {
			isa = XCVersionGroup;
			children = (
				3E8D4C4524FA759200AD6AB0 /* TheNews.xcdatamodel */,
			);
			currentVersion = 3E8D4C4524FA759200AD6AB0 /* TheNews.xcdatamodel */;
			path = TheNews.xcdatamodeld;
			sourceTree = "<group>";
			versionGroupType = wrapper.xcdatamodel;
		};
/* End XCVersionGroup section */
	};
	rootObject = 3E8D4C3024FA759200AD6AB0 /* Project object */;
}
